<?xml version="1.0" encoding="UTF-8"?>
<Scheme
   version = "1.3">
   <BuildAction>
      <BuildActionEntries>
         <BuildActionEntry
            buildForRunning = "YES">
            <BuildableReference
               BuildableIdentifier = "primary"
               BlueprintIdentifier = "5A67230B2032F461001DDD14"
               BuildableName = "SceneKitConsole.app"
               BlueprintName = "SceneKitConsole"
               ReferencedContainer = "container:SceneKitConsole.xcodeproj">
            </BuildableReference>
         </BuildActionEntry>
      </BuildActionEntries>
   </BuildAction>
   <LaunchAction
      useCustomWorkingDirectory = "NO"
      buildConfiguration = "Debug"
      allowLocationSimulation = "YES">
      <BuildableProductRunnable>
         <BuildableReference
            BuildableIdentifier = "primary"
            BlueprintIdentifier = "5A67230B2032F461001DDD14"
            BuildableName = "SceneKitConsole.app"
            BlueprintName = "SceneKitConsole"
            ReferencedContainer = "container:SceneKitConsole.xcodeproj">
         </BuildableReference>
      </BuildableProductRunnable>
   </LaunchAction>
</Scheme>
