// !$*UTF8*$!
{
	archiveVersion = 1;
	classes = {
	};
	objectVersion = 48;
	objects = {

/* Begin PBXBuildFile section */
		5A6723102032F461001DDD14 /* AppDelegate.swift in Sources */ = {isa = PBXBuildFile; fileRef = 5A67230F2032F461001DDD14 /* AppDelegate.swift */; };
		5A6723122032F461001DDD14 /* ViewController.swift in Sources */ = {isa = PBXBuildFile; fileRef = 5A6723112032F461001DDD14 /* ViewController.swift */; };
		5A6723152032F461001DDD14 /* Main.storyboard in Resources */ = {isa = PBXBuildFile; fileRef = 5A6723132032F461001DDD14 /* Main.storyboard */; };
		5A6723172032F461001DDD14 /* Assets.xcassets in Resources */ = {isa = PBXBuildFile; fileRef = 5A6723162032F461001DDD14 /* Assets.xcassets */; };
		5A67231A2032F461001DDD14 /* LaunchScreen.storyboard in Resources */ = {isa = PBXBuildFile; fileRef = 5A6723182032F461001DDD14 /* LaunchScreen.storyboard */; };
		5A6723222032F73A001DDD14 /* SceneKitConsole.swift in Sources */ = {isa = PBXBuildFile; fileRef = 5A6723212032F73A001DDD14 /* SceneKitConsole.swift */; };
/* End PBXBuildFile section */

/* Begin PBXFileReference section */
		5A67230C2032F461001DDD14 /* SceneKitConsole.app */ = {isa = PBXFileReference; explicitFileType = wrapper.application; includeInIndex = 0; path = SceneKitConsole.app; sourceTree = BUILT_PRODUCTS_DIR; };
		5A67230F2032F461001DDD14 /* AppDelegate.swift */ = {isa = PBXFileReference; lastKnownFileType = sourcecode.swift; path = AppDelegate.swift; sourceTree = "<group>"; };
		5A6723112032F461001DDD14 /* ViewController.swift */ = {isa = PBXFileReference; lastKnownFileType = sourcecode.swift; path = ViewController.swift; sourceTree = "<group>"; };
		5A6723142032F461001DDD14 /* Base */ = {isa = PBXFileReference; lastKnownFileType = file.storyboard; name = Base; path = Base.lproj/Main.storyboard; sourceTree = "<group>"; };
		5A6723162032F461001DDD14 /* Assets.xcassets */ = {isa = PBXFileReference; lastKnownFileType = folder.assetcatalog; path = Assets.xcassets; sourceTree = "<group>"; };
		5A6723192032F461001DDD14 /* Base */ = {isa = PBXFileReference; lastKnownFileType = file.storyboard; name = Base; path = Base.lproj/LaunchScreen.storyboard; sourceTree = "<group>"; };
		5A67231B2032F461001DDD14 /* Info.plist */ = {isa = PBXFileReference; lastKnownFileType = text.plist.xml; path = Info.plist; sourceTree = "<group>"; };
		5A6723212032F73A001DDD14 /* SceneKitConsole.swift */ = {isa = PBXFileReference; lastKnownFileType = sourcecode.swift; path = SceneKitConsole.swift; sourceTree = "<group>"; };
/* End PBXFileReference section */

/* Begin PBXFrameworksBuildPhase section */
		5A6723092032F461001DDD14 /* Frameworks */ = {
			isa = PBXFrameworksBuildPhase;
			buildActionMask = 2147483647;
			files = (
			);
			runOnlyForDeploymentPostprocessing = 0;
		};
/* End PBXFrameworksBuildPhase section */

/* Begin PBXGroup section */
		5A6723032032F461001DDD14 = {
			isa = PBXGroup;
			children = (
				5A67230E2032F461001DDD14 /* SceneKitConsole */,
				5A67230D2032F461001DDD14 /* Products */,
			);
			sourceTree = "<group>";
		};
		5A67230D2032F461001DDD14 /* Products */ = {
			isa = PBXGroup;
			children = (
				5A67230C2032F461001DDD14 /* SceneKitConsole.app */,
			);
			name = Products;
			sourceTree = "<group>";
		};
		5A67230E2032F461001DDD14 /* SceneKitConsole */ = {
			isa = PBXGroup;
			children = (
				5A67230F2032F461001DDD14 /* AppDelegate.swift */,
				5A6723112032F461001DDD14 /* ViewController.swift */,
				5A6723212032F73A001DDD14 /* SceneKitConsole.swift */,
				5A6723132032F461001DDD14 /* Main.storyboard */,
				5A6723162032F461001DDD14 /* Assets.xcassets */,
				5A6723182032F461001DDD14 /* LaunchScreen.storyboard */,
				5A67231B2032F461001DDD14 /* Info.plist */,
			);
			path = SceneKitConsole;
			sourceTree = "<group>";
		};
/* End PBXGroup section */

/* Begin PBXNativeTarget section */
		5A67230B2032F461001DDD14 /* SceneKitConsole */ = {
			isa = PBXNativeTarget;
			buildConfigurationList = 5A67231E2032F461001DDD14 /* Build configuration list for PBXNativeTarget "SceneKitConsole" */;
			buildPhases = (
				5A6723082032F461001DDD14 /* Sources */,
				5A6723092032F461001DDD14 /* Frameworks */,
				5A67230A2032F461001DDD14 /* Resources */,
			);
			buildRules = (
			);
			dependencies = (
			);
			name = SceneKitConsole;
			productName = SceneKitConsole;
			productReference = 5A67230C2032F461001DDD14 /* SceneKitConsole.app */;
			productType = "com.apple.product-type.application";
		};
/* End PBXNativeTarget section */

/* Begin PBXProject section */
		5A6723042032F461001DDD14 /* Project object */ = {
			isa = PBXProject;
			attributes = {
				LastSwiftUpdateCheck = 0910;
				LastUpgradeCheck = 0910;
				ORGANIZATIONNAME = "Mulang Su";
				TargetAttributes = {
					5A67230B2032F461001DDD14 = {
						CreatedOnToolsVersion = 9.1;
						ProvisioningStyle = Automatic;
					};
				};
			};
			buildConfigurationList = 5A6723072032F461001DDD14 /* Build configuration list for PBXProject "SceneKitConsole" */;
			compatibilityVersion = "Xcode 8.0";
			developmentRegion = en;
			hasScannedForEncodings = 0;
			knownRegions = (
				en,
				Base,
			);
			mainGroup = 5A6723032032F461001DDD14;
			productRefGroup = 5A67230D2032F461001DDD14 /* Products */;
			projectDirPath = "";
			projectRoot = "";
			targets = (
				5A67230B2032F461001DDD14 /* SceneKitConsole */,
			);
		};
/* End PBXProject section */

/* Begin PBXResourcesBuildPhase section */
		5A67230A2032F461001DDD14 /* Resources */ = {
			isa = PBXResourcesBuildPhase;
			buildActionMask = 2147483647;
			files = (
				5A67231A2032F461001DDD14 /* LaunchScreen.storyboard in Resources */,
				5A6723172032F461001DDD14 /* Assets.xcassets in Resources */,
				5A6723152032F461001DDD14 /* Main.storyboard in Resources */,
			);
			runOnlyForDeploymentPostprocessing = 0;
		};
/* End PBXResourcesBuildPhase section */

/* Begin PBXSourcesBuildPhase section */
		5A6723082032F461001DDD14 /* Sources */ = {
			isa = PBXSourcesBuildPhase;
			buildActionMask = 2147483647;
			files = (
				5A6723222032F73A001DDD14 /* SceneKitConsole.swift in Sources */,
				5A6723122032F461001DDD14 /* ViewController.swift in Sources */,
				5A6723102032F461001DDD14 /* AppDelegate.swift in Sources */,
			);
			runOnlyForDeploymentPostprocessing = 0;
		};
/* End PBXSourcesBuildPhase section */

/* Begin PBXVariantGroup section */
		5A6723132032F461001DDD14 /* Main.storyboard */ = {
			isa = PBXVariantGroup;
			children = (
				5A6723142032F461001DDD14 /* Base */,
			);
			name = Main.storyboard;
			sourceTree = "<group>";
		};
		5A6723182032F461001DDD14 /* LaunchScreen.storyboard */ = {
			isa = PBXVariantGroup;
			children = (
				5A6723192032F461001DDD14 /* Base */,
			);
			name = LaunchScreen.storyboard;
			sourceTree = "<group>";
		};
/* End PBXVariantGroup section */

/* Begin XCBuildConfiguration section */
		5A67231C2032F461001DDD14 /* Debug */ = {
			isa = XCBuildConfiguration;
			buildSettings = {
				ALWAYS_SEARCH_USER_PATHS = NO;
				CLANG_ANALYZER_NONNULL = YES;
				CLANG_ANALYZER_NUMBER_OBJECT_CONVERSION = YES_AGGRESSIVE;
				CLANG_CXX_LANGUAGE_STANDARD = "gnu++14";
				CLANG_CXX_LIBRARY = "libc++";
				CLANG_ENABLE_MODULES = YES;
				CLANG_ENABLE_OBJC_ARC = YES;
				CLANG_WARN_BLOCK_CAPTURE_AUTORELEASING = YES;
				CLANG_WARN_BOOL_CONVERSION = YES;
				CLANG_WARN_COMMA = YES;
				CLANG_WARN_CONSTANT_CONVERSION = YES;
				CLANG_WARN_DIRECT_OBJC_ISA_USAGE = YES_ERROR;
				CLANG_WARN_DOCUMENTATION_COMMENTS = YES;
				CLANG_WARN_EMPTY_BODY = YES;
				CLANG_WARN_ENUM_CONVERSION = YES;
				CLANG_WARN_INFINITE_RECURSION = YES;
				CLANG_WARN_INT_CONVERSION = YES;
				CLANG_WARN_NON_LITERAL_NULL_CONVERSION = YES;
				CLANG_WARN_OBJC_LITERAL_CONVERSION = YES;
				CLANG_WARN_OBJC_ROOT_CLASS = YES_ERROR;
				CLANG_WARN_RANGE_LOOP_ANALYSIS = YES;
				CLANG_WARN_STRICT_PROTOTYPES = YES;
				CLANG_WARN_SUSPICIOUS_MOVE = YES;
				CLANG_WARN_UNGUARDED_AVAILABILITY = YES_AGGRESSIVE;
				CLANG_WARN_UNREACHABLE_CODE = YES;
				CLANG_WARN__DUPLICATE_METHOD_MATCH = YES;
				CODE_SIGN_IDENTITY = "iPhone Developer";
				COPY_PHASE_STRIP = NO;
				DEBUG_INFORMATION_FORMAT = dwarf;
				ENABLE_STRICT_OBJC_MSGSEND = YES;
				ENABLE_TESTABILITY = YES;
				GCC_C_LANGUAGE_STANDARD = gnu11;
				GCC_DYNAMIC_NO_PIC = NO;
				GCC_NO_COMMON_BLOCKS = YES;
				GCC_OPTIMIZATION_LEVEL = 0;
				GCC_PREPROCESSOR_DEFINITIONS = (
					"DEBUG=1",
					"$(inherited)",
				);
				GCC_WARN_64_TO_32_BIT_CONVERSION = YES;
				GCC_WARN_ABOUT_RETURN_TYPE = YES_ERROR;
				GCC_WARN_UNDECLARED_SELECTOR = YES;
				GCC_WARN_UNINITIALIZED_AUTOS = YES_AGGRESSIVE;
				GCC_WARN_UNUSED_FUNCTION = YES;
				GCC_WARN_UNUSED_VARIABLE = YES;
				IPHONEOS_DEPLOYMENT_TARGET = 11.1;
				MTL_ENABLE_DEBUG_INFO = YES;
				ONLY_ACTIVE_ARCH = YES;
				SDKROOT = iphoneos;
				SWIFT_ACTIVE_COMPILATION_CONDITIONS = DEBUG;
				SWIFT_OPTIMIZATION_LEVEL = "-Onone";
			};
			name = Debug;
		};
		5A67231D2032F461001DDD14 /* Release */ = {
			isa = XCBuildConfiguration;
			buildSettings = {
				ALWAYS_SEARCH_USER_PATHS = NO;
				CLANG_ANALYZER_NONNULL = YES;
				CLANG_ANALYZER_NUMBER_OBJECT_CONVERSION = YES_AGGRESSIVE;
				CLANG_CXX_LANGUAGE_STANDARD = "gnu++14";
				CLANG_CXX_LIBRARY = "libc++";
				CLANG_ENABLE_MODULES = YES;
				CLANG_ENABLE_OBJC_ARC = YES;
				CLANG_WARN_BLOCK_CAPTURE_AUTORELEASING = YES;
				CLANG_WARN_BOOL_CONVERSION = YES;
				CLANG_WARN_COMMA = YES;
				CLANG_WARN_CONSTANT_CONVERSION = YES;
				CLANG_WARN_DIRECT_OBJC_ISA_USAGE = YES_ERROR;
				CLANG_WARN_DOCUMENTATION_COMMENTS = YES;
				CLANG_WARN_EMPTY_BODY = YES;
				CLANG_WARN_ENUM_CONVERSION = YES;
				CLANG_WARN_INFINITE_RECURSION = YES;
				CLANG_WARN_INT_CONVERSION = YES;
				CLANG_WARN_NON_LITERAL_NULL_CONVERSION = YES;
				CLANG_WARN_OBJC_LITERAL_CONVERSION = YES;
				CLANG_WARN_OBJC_ROOT_CLASS = YES_ERROR;
				CLANG_WARN_RANGE_LOOP_ANALYSIS = YES;
				CLANG_WARN_STRICT_PROTOTYPES = YES;
				CLANG_WARN_SUSPICIOUS_MOVE = YES;
				CLANG_WARN_UNGUARDED_AVAILABILITY = YES_AGGRESSIVE;
				CLANG_WARN_UNREACHABLE_CODE = YES;
				CLANG_WARN__DUPLICATE_METHOD_MATCH = YES;
				CODE_SIGN_IDENTITY = "iPhone Developer";
				COPY_PHASE_STRIP = NO;
				DEBUG_INFORMATION_FORMAT = "dwarf-with-dsym";
				ENABLE_NS_ASSERTIONS = NO;
				ENABLE_STRICT_OBJC_MSGSEND = YES;
				GCC_C_LANGUAGE_STANDARD = gnu11;
				GCC_NO_COMMON_BLOCKS = YES;
				GCC_WARN_64_TO_32_BIT_CONVERSION = YES;
				GCC_WARN_ABOUT_RETURN_TYPE = YES_ERROR;
				GCC_WARN_UNDECLARED_SELECTOR = YES;
				GCC_WARN_UNINITIALIZED_AUTOS = YES_AGGRESSIVE;
				GCC_WARN_UNUSED_FUNCTION = YES;
				GCC_WARN_UNUSED_VARIABLE = YES;
				IPHONEOS_DEPLOYMENT_TARGET = 11.1;
				MTL_ENABLE_DEBUG_INFO = NO;
				SDKROOT = iphoneos;
				SWIFT_OPTIMIZATION_LEVEL = "-Owholemodule";
				VALIDATE_PRODUCT = YES;
			};
			name = Release;
		};
		5A67231F2032F461001DDD14 /* Debug */ = {
			isa = XCBuildConfiguration;
			buildSettings = {
				ASSETCATALOG_COMPILER_APPICON_NAME = AppIcon;
				CODE_SIGN_STYLE = Automatic;
				DEVELOPMENT_TEAM = E9MW74DJ4Y;
				INFOPLIST_FILE = SceneKitConsole/Info.plist;
				LD_RUNPATH_SEARCH_PATHS = "$(inherited) @executable_path/Frameworks";
				PRODUCT_BUNDLE_IDENTIFIER = io.github.sweeper777.SceneKitConsole;
				PRODUCT_NAME = "$(TARGET_NAME)";
				SWIFT_VERSION = 4.0;
				TARGETED_DEVICE_FAMILY = "1,2";
			};
			name = Debug;
		};
		5A6723202032F461001DDD14 /* Release */ = {
			isa = XCBuildConfiguration;
			buildSettings = {
				ASSETCATALOG_COMPILER_APPICON_NAME = AppIcon;
				CODE_SIGN_STYLE = Automatic;
				DEVELOPMENT_TEAM = E9MW74DJ4Y;
				INFOPLIST_FILE = SceneKitConsole/Info.plist;
				LD_RUNPATH_SEARCH_PATHS = "$(inherited) @executable_path/Frameworks";
				PRODUCT_BUNDLE_IDENTIFIER = io.github.sweeper777.SceneKitConsole;
				PRODUCT_NAME = "$(TARGET_NAME)";
				SWIFT_VERSION = 4.0;
				TARGETED_DEVICE_FAMILY = "1,2";
			};
			name = Release;
		};
/* End XCBuildConfiguration section */

/* Begin XCConfigurationList section */
		5A6723072032F461001DDD14 /* Build configuration list for PBXProject "SceneKitConsole" */ = {
			isa = XCConfigurationList;
			buildConfigurations = (
				5A67231C2032F461001DDD14 /* Debug */,
				5A67231D2032F461001DDD14 /* Release */,
			);
			defaultConfigurationIsVisible = 0;
			defaultConfigurationName = Release;
		};
		5A67231E2032F461001DDD14 /* Build configuration list for PBXNativeTarget "SceneKitConsole" */ = {
			isa = XCConfigurationList;
			buildConfigurations = (
				5A67231F2032F461001DDD14 /* Debug */,
				5A6723202032F461001DDD14 /* Release */,
			);
			defaultConfigurationIsVisible = 0;
			defaultConfigurationName = Release;
		};
/* End XCConfigurationList section */
	};
	rootObject = 5A6723042032F461001DDD14 /* Project object */;
}
